{
  "name": "unpdf-extract",
  "lockfileVersion": 3,
  "requires": true,
  "packages": {
    "": {
      "name": "unpdf-extract",
      "dependencies": {
        "unpdf": "^1.4.0"
      }
    },
    "node_modules/unpdf": {
      "version": "1.4.0",
      "resolved": "https://registry.npmjs.org/unpdf/-/unpdf-1.4.0.tgz",
      "integrity": "sha512-TahIk0xdH/4jh/MxfclzU79g40OyxtP00VnEUZdEkJoYtXAHWLiir6t3FC6z3vDqQTzc2ZHcla6uEiVTNjejuA==",
      "license": "MIT",
      "peerDependencies": {
        "@napi-rs/canvas": "^0.1.69"
      },
      "peerDependenciesMeta": {
        "@napi-rs/canvas": {
          "optional": true
        }
      }
    }
  }
}
